// !$*UTF8*$!
{
	archiveVersion = 1;
	classes = {
	};
	objectVersion = 77;
	objects = {

/* Begin PBXBuildFile section */
		436A0AA22EC02F920011973D /* WidgetKit.framework in Frameworks */ = {isa = PBXBuildFile; fileRef = 436A0AA12EC02F920011973D /* WidgetKit.framework */; };
		436A0AA42EC02F920011973D /* SwiftUI.framework in Frameworks */ = {isa = PBXBuildFile; fileRef = 436A0AA32EC02F920011973D /* SwiftUI.framework */; };
		436A0AB32EC02F930011973D /* FLOWidgetExtension.appex in Embed Foundation Extensions */ = {isa = PBXBuildFile; fileRef = 436A0A9F2EC02F920011973D /* FLOWidgetExtension.appex */; settings = {ATTRIBUTES = (RemoveHeadersOnCopy, ); }; };
/* End PBXBuildFile section */

/* Begin PBXContainerItemProxy section */
		433FDBDD2EB992B10008DA09 /* PBXContainerItemProxy */ = {
			isa = PBXContainerItemProxy;
			containerPortal = 433FDBC52EB992B00008DA09 /* Project object */;
			proxyType = 1;
			remoteGlobalIDString = 433FDBCC2EB992B00008DA09;
			remoteInfo = FlowLedger;
		};
		433FDBE72EB992B10008DA09 /* PBXContainerItemProxy */ = {
			isa = PBXContainerItemProxy;
			containerPortal = 433FDBC52EB992B00008DA09 /* Project object */;
			proxyType = 1;
			remoteGlobalIDString = 433FDBCC2EB992B00008DA09;
			remoteInfo = FlowLedger;
		};
		436A0AB12EC02F930011973D /* PBXContainerItemProxy */ = {
			isa = PBXContainerItemProxy;
			containerPortal = 433FDBC52EB992B00008DA09 /* Project object */;
			proxyType = 1;
			remoteGlobalIDString = 436A0A9E2EC02F920011973D;
			remoteInfo = FlowLedgerWidgetExtension;
		};
/* End PBXContainerItemProxy section */

/* Begin PBXCopyFilesBuildPhase section */
		436A0AB82EC02F930011973D /* Embed Foundation Extensions */ = {
			isa = PBXCopyFilesBuildPhase;
			buildActionMask = 2147483647;
			dstPath = "";
			dstSubfolderSpec = 13;
			files = (
				436A0AB32EC02F930011973D /* FLOWidgetExtension.appex in Embed Foundation Extensions */,
			);
			name = "Embed Foundation Extensions";
			runOnlyForDeploymentPostprocessing = 0;
		};
/* End PBXCopyFilesBuildPhase section */

/* Begin PBXFileReference section */
		4320D9272F0187EC00A758F4 /* FLO.xcodeproj */ = {isa = PBXFileReference; lastKnownFileType = "wrapper.pb-project"; path = FLO.xcodeproj; sourceTree = "<group>"; };
		4320DA4A2F063B8C00A758F4 /* FLO.xcodeproj */ = {isa = PBXFileReference; lastKnownFileType = "wrapper.pb-project"; path = FLO.xcodeproj; sourceTree = "<group>"; };
		433FDBCD2EB992B00008DA09 /* FLO.app */ = {isa = PBXFileReference; explicitFileType = wrapper.application; includeInIndex = 0; path = FLO.app; sourceTree = BUILT_PRODUCTS_DIR; };
		433FDBDC2EB992B10008DA09 /* FLOTests.xctest */ = {isa = PBXFileReference; explicitFileType = wrapper.cfbundle; includeInIndex = 0; path = FLOTests.xctest; sourceTree = BUILT_PRODUCTS_DIR; };
		433FDBE62EB992B10008DA09 /* FLOUITests.xctest */ = {isa = PBXFileReference; explicitFileType = wrapper.cfbundle; includeInIndex = 0; path = FLOUITests.xctest; sourceTree = BUILT_PRODUCTS_DIR; };
		435AF7232EF6386100B42ECE /* FLO.xcodeproj */ = {isa = PBXFileReference; lastKnownFileType = "wrapper.pb-project"; path = FLO.xcodeproj; sourceTree = "<group>"; };
		436A0A9F2EC02F920011973D /* FLOWidgetExtension.appex */ = {isa = PBXFileReference; explicitFileType = "wrapper.app-extension"; includeInIndex = 0; path = FLOWidgetExtension.appex; sourceTree = BUILT_PRODUCTS_DIR; };
		436A0AA12EC02F920011973D /* WidgetKit.framework */ = {isa = PBXFileReference; lastKnownFileType = wrapper.framework; name = WidgetKit.framework; path = System/Library/Frameworks/WidgetKit.framework; sourceTree = SDKROOT; };
		436A0AA32EC02F920011973D /* SwiftUI.framework */ = {isa = PBXFileReference; lastKnownFileType = wrapper.framework; name = SwiftUI.framework; path = System/Library/Frameworks/SwiftUI.framework; sourceTree = SDKROOT; };
		43712E082EFE360A00873FEF /* FLO.xcodeproj */ = {isa = PBXFileReference; lastKnownFileType = "wrapper.pb-project"; path = FLO.xcodeproj; sourceTree = "<group>"; };
		43712E8E2EFF2FD600873FEF /* FLOTests */ = {isa = PBXFileReference; lastKnownFileType = folder; name = FLOTests; path = ../FLOTests; sourceTree = "<group>"; };
		438124382EF63A19002EA8A5 /* FLO.xcodeproj */ = {isa = PBXFileReference; lastKnownFileType = "wrapper.pb-project"; path = FLO.xcodeproj; sourceTree = "<group>"; };
		4381250B2EF63AA0002EA8A5 /* FLO.xcodeproj */ = {isa = PBXFileReference; lastKnownFileType = "wrapper.pb-project"; path = FLO.xcodeproj; sourceTree = "<group>"; };
		438125DF2EF63DB9002EA8A5 /* FLO.xcodeproj */ = {isa = PBXFileReference; lastKnownFileType = "wrapper.pb-project"; path = FLO.xcodeproj; sourceTree = "<group>"; };
		438126C82EF63F46002EA8A5 /* FLO.xcodeproj */ = {isa = PBXFileReference; lastKnownFileType = "wrapper.pb-project"; path = FLO.xcodeproj; sourceTree = "<group>"; };
		438416DE2EF9F5AE0065AC69 /* FLO.xcodeproj */ = {isa = PBXFileReference; lastKnownFileType = "wrapper.pb-project"; path = FLO.xcodeproj; sourceTree = "<group>"; };
		43B7396B2EF6521400B32076 /* FLO.xcodeproj */ = {isa = PBXFileReference; lastKnownFileType = "wrapper.pb-project"; path = FLO.xcodeproj; sourceTree = "<group>"; };
		43C71AD52EF641D7005A8198 /* FLO.xcodeproj */ = {isa = PBXFileReference; lastKnownFileType = "wrapper.pb-project"; path = FLO.xcodeproj; sourceTree = "<group>"; };
		43D3D1192EF9E59D00B48C19 /* FLO.xcodeproj */ = {isa = PBXFileReference; lastKnownFileType = "wrapper.pb-project"; path = FLO.xcodeproj; sourceTree = "<group>"; };
		43E3C9582EF6297400CC479E /* FLO.xcodeproj */ = {isa = PBXFileReference; lastKnownFileType = "wrapper.pb-project"; path = FLO.xcodeproj; sourceTree = "<group>"; };
		43E3CA1F2EF62AF800CC479E /* FLO.xcodeproj */ = {isa = PBXFileReference; lastKnownFileType = "wrapper.pb-project"; path = FLO.xcodeproj; sourceTree = "<group>"; };
		43EBF35A2EF642B600B5C1DE /* FLO.xcodeproj */ = {isa = PBXFileReference; lastKnownFileType = "wrapper.pb-project"; path = FLO.xcodeproj; sourceTree = "<group>"; };
		43EBF4392EF6435800B5C1DE /* FLO.xcodeproj */ = {isa = PBXFileReference; lastKnownFileType = "wrapper.pb-project"; path = FLO.xcodeproj; sourceTree = "<group>"; };
		43EBF5212EF64C2600B5C1DE /* FLO.xcodeproj */ = {isa = PBXFileReference; lastKnownFileType = "wrapper.pb-project"; path = FLO.xcodeproj; sourceTree = "<group>"; };
		43FAC77C2F1080D4006A54B9 /* FLO.xcodeproj */ = {isa = PBXFileReference; lastKnownFileType = "wrapper.pb-project"; path = FLO.xcodeproj; sourceTree = "<group>"; };
		43FAC8A52F1298AF006A54B9 /* FLO.xcodeproj */ = {isa = PBXFileReference; lastKnownFileType = "wrapper.pb-project"; path = FLO.xcodeproj; sourceTree = "<group>"; };
		43FAC9D32F145FCE006A54B9 /* FLO.xcodeproj */ = {isa = PBXFileReference; lastKnownFileType = "wrapper.pb-project"; path = FLO.xcodeproj; sourceTree = "<group>"; };
		43FACAFF2F186F5A006A54B9 /* FLO.xcodeproj */ = {isa = PBXFileReference; lastKnownFileType = "wrapper.pb-project"; path = FLO.xcodeproj; sourceTree = "<group>"; };
		43FACC262F187ADF006A54B9 /* FLO.xcodeproj */ = {isa = PBXFileReference; lastKnownFileType = "wrapper.pb-project"; path = FLO.xcodeproj; sourceTree = "<group>"; };
/* End PBXFileReference section */

/* Begin PBXFileSystemSynchronizedBuildFileExceptionSet section */
		435AF7922EF6393C00B42ECE /* Exceptions for "FLO" folder in "FLO" target */ = {
			isa = PBXFileSystemSynchronizedBuildFileExceptionSet;
			membershipExceptions = (
				FLOWidget/Assets.xcassets,
				FLOWidget/FLOWidget.swift,
				FLOWidget/FLOWidgetBundle.swift,
				FLOWidget/FLOWidgetControl.swift,
				FLOWidget/FLOWidgetLiveActivity.swift,
				FLOWidget/Info.plist,
				Info.plist,
			);
			target = 433FDBCC2EB992B00008DA09 /* FLO */;
		};
		4381274A2EF641AD002EA8A5 /* Exceptions for "FLO" folder in "FLOWidgetExtension" target */ = {
			isa = PBXFileSystemSynchronizedBuildFileExceptionSet;
			membershipExceptions = (
				"Extensions/Color+Extensions.swift",
				"Extensions/Date+Extensions.swift",
				FLOWidget/Assets.xcassets,
				FLOWidget/FLOWidget.swift,
				FLOWidget/FLOWidgetBundle.swift,
				FLOWidget/FLOWidgetControl.swift,
				FLOWidget/FLOWidgetLiveActivity.swift,
				Models/Account.swift,
				Models/Budget.swift,
				Models/BusinessProfile.swift,
				Models/Category.swift,
				Models/Client.swift,
				Models/Invoice.swift,
				Models/InvoicePayment.swift,
				Models/InvoiceTypes.swift,
				Models/RecurringTransaction.swift,
				Models/TaxOptimizationModels.swift,
				Models/Transaction.swift,
				Services/ColorSchemeSystem.swift,
				Services/WidgetDataService.swift,
			);
			target = 436A0A9E2EC02F920011973D /* FLOWidgetExtension */;
		};
/* End PBXFileSystemSynchronizedBuildFileExceptionSet section */

/* Begin PBXFileSystemSynchronizedRootGroup section */
		433FDBCF2EB992B00008DA09 /* FLO */ = {
			isa = PBXFileSystemSynchronizedRootGroup;
			exceptions = (
				435AF7922EF6393C00B42ECE /* Exceptions for "FLO" folder in "FLO" target */,
				4381274A2EF641AD002EA8A5 /* Exceptions for "FLO" folder in "FLOWidgetExtension" target */,
			);
			name = FLO;
			sourceTree = "<group>";
		};
		433FDBDF2EB992B10008DA09 /* FLOTests */ = {
			isa = PBXFileSystemSynchronizedRootGroup;
			name = FLOTests;
			path = ../FLOTests;
			sourceTree = "<group>";
		};
		433FDBE92EB992B10008DA09 /* FLOUITests */ = {
			isa = PBXFileSystemSynchronizedRootGroup;
			name = FLOUITests;
			path = ../FLOUITests;
			sourceTree = "<group>";
		};
/* End PBXFileSystemSynchronizedRootGroup section */

/* Begin PBXFrameworksBuildPhase section */
		433FDBCA2EB992B00008DA09 /* Frameworks */ = {
			isa = PBXFrameworksBuildPhase;
			buildActionMask = 2147483647;
			files = (
			);
			runOnlyForDeploymentPostprocessing = 0;
		};
		433FDBD92EB992B10008DA09 /* Frameworks */ = {
			isa = PBXFrameworksBuildPhase;
			buildActionMask = 2147483647;
			files = (
			);
			runOnlyForDeploymentPostprocessing = 0;
		};
		433FDBE32EB992B10008DA09 /* Frameworks */ = {
			isa = PBXFrameworksBuildPhase;
			buildActionMask = 2147483647;
			files = (
			);
			runOnlyForDeploymentPostprocessing = 0;
		};
		436A0A9C2EC02F920011973D /* Frameworks */ = {
			isa = PBXFrameworksBuildPhase;
			buildActionMask = 2147483647;
			files = (
				436A0AA42EC02F920011973D /* SwiftUI.framework in Frameworks */,
				436A0AA22EC02F920011973D /* WidgetKit.framework in Frameworks */,
			);
			runOnlyForDeploymentPostprocessing = 0;
		};
/* End PBXFrameworksBuildPhase section */

/* Begin PBXGroup section */
		4320D92F2F0187EC00A758F4 /* Products */ = {
			isa = PBXGroup;
			name = Products;
			sourceTree = "<group>";
		};
		4320DA522F063B8C00A758F4 /* Products */ = {
			isa = PBXGroup;
			name = Products;
			sourceTree = "<group>";
		};
		433FDBC42EB992B00008DA09 = {
			isa = PBXGroup;
			children = (
				43712E8E2EFF2FD600873FEF /* FLOTests */,
				433FDBCF2EB992B00008DA09 /* FLO */,
				433FDBDF2EB992B10008DA09 /* FLOTests */,
				433FDBE92EB992B10008DA09 /* FLOUITests */,
				436A0AA02EC02F920011973D /* Frameworks */,
				433FDBCE2EB992B00008DA09 /* Products */,
			);
			sourceTree = "<group>";
		};
		433FDBCE2EB992B00008DA09 /* Products */ = {
			isa = PBXGroup;
			children = (
				433FDBCD2EB992B00008DA09 /* FLO.app */,
				433FDBDC2EB992B10008DA09 /* FLOTests.xctest */,
				433FDBE62EB992B10008DA09 /* FLOUITests.xctest */,
				436A0A9F2EC02F920011973D /* FLOWidgetExtension.appex */,
			);
			name = Products;
			sourceTree = "<group>";
		};
		435AF72B2EF6386100B42ECE /* Products */ = {
			isa = PBXGroup;
			name = Products;
			sourceTree = "<group>";
		};
		436A0AA02EC02F920011973D /* Frameworks */ = {
			isa = PBXGroup;
			children = (
				436A0AA12EC02F920011973D /* WidgetKit.framework */,
				436A0AA32EC02F920011973D /* SwiftUI.framework */,
			);
			name = Frameworks;
			sourceTree = "<group>";
		};
		43712E102EFE360A00873FEF /* Products */ = {
			isa = PBXGroup;
			name = Products;
			sourceTree = "<group>";
		};
		438124402EF63A19002EA8A5 /* Products */ = {
			isa = PBXGroup;
			name = Products;
			sourceTree = "<group>";
		};
		438125132EF63AA0002EA8A5 /* Products */ = {
			isa = PBXGroup;
			name = Products;
			sourceTree = "<group>";
		};
		438125E72EF63DB9002EA8A5 /* Products */ = {
			isa = PBXGroup;
			name = Products;
			sourceTree = "<group>";
		};
		438126D02EF63F46002EA8A5 /* Products */ = {
			isa = PBXGroup;
			name = Products;
			sourceTree = "<group>";
		};
		438416E62EF9F5AE0065AC69 /* Products */ = {
			isa = PBXGroup;
			name = Products;
			sourceTree = "<group>";
		};
		43B739732EF6521400B32076 /* Products */ = {
			isa = PBXGroup;
			name = Products;
			sourceTree = "<group>";
		};
		43C71ADD2EF641D7005A8198 /* Products */ = {
			isa = PBXGroup;
			name = Products;
			sourceTree = "<group>";
		};
		43D3D1202EF9E59D00B48C19 /* Products */ = {
			isa = PBXGroup;
			name = Products;
			sourceTree = "<group>";
		};
		43E3C9602EF6297400CC479E /* Products */ = {
			isa = PBXGroup;
			name = Products;
			sourceTree = "<group>";
		};
		43E3CA262EF62AF800CC479E /* Products */ = {
			isa = PBXGroup;
			name = Products;
			sourceTree = "<group>";
		};
		43EBF3622EF642B600B5C1DE /* Products */ = {
			isa = PBXGroup;
			name = Products;
			sourceTree = "<group>";
		};
		43EBF4412EF6435800B5C1DE /* Products */ = {
			isa = PBXGroup;
			name = Products;
			sourceTree = "<group>";
		};
		43EBF5292EF64C2600B5C1DE /* Products */ = {
			isa = PBXGroup;
			name = Products;
			sourceTree = "<group>";
		};
		43FAC7842F1080D4006A54B9 /* Products */ = {
			isa = PBXGroup;
			name = Products;
			sourceTree = "<group>";
		};
		43FAC8AD2F1298AF006A54B9 /* Products */ = {
			isa = PBXGroup;
			name = Products;
			sourceTree = "<group>";
		};
		43FAC9DB2F145FCE006A54B9 /* Products */ = {
			isa = PBXGroup;
			name = Products;
			sourceTree = "<group>";
		};
		43FACB022F186F5A006A54B9 /* Products */ = {
			isa = PBXGroup;
			name = Products;
			sourceTree = "<group>";
		};
		43FACC292F187ADF006A54B9 /* Products */ = {
			isa = PBXGroup;
			name = Products;
			sourceTree = "<group>";
		};
/* End PBXGroup section */

/* Begin PBXNativeTarget section */
		433FDBCC2EB992B00008DA09 /* FLO */ = {
			isa = PBXNativeTarget;
			buildConfigurationList = 433FDBF02EB992B10008DA09 /* Build configuration list for PBXNativeTarget "FLO" */;
			buildPhases = (
				433FDBC92EB992B00008DA09 /* Sources */,
				433FDBCA2EB992B00008DA09 /* Frameworks */,
				433FDBCB2EB992B00008DA09 /* Resources */,
				436A0AB82EC02F930011973D /* Embed Foundation Extensions */,
			);
			buildRules = (
			);
			dependencies = (
				436A0AB22EC02F930011973D /* PBXTargetDependency */,
			);
			fileSystemSynchronizedGroups = (
				433FDBCF2EB992B00008DA09 /* FLO */,
			);
			name = FLO;
			packageProductDependencies = (
			);
			productName = FlowLedger;
			productReference = 433FDBCD2EB992B00008DA09 /* FLO.app */;
			productType = "com.apple.product-type.application";
		};
		433FDBDB2EB992B10008DA09 /* FLOTests */ = {
			isa = PBXNativeTarget;
			buildConfigurationList = 433FDBF32EB992B10008DA09 /* Build configuration list for PBXNativeTarget "FLOTests" */;
			buildPhases = (
				433FDBD82EB992B10008DA09 /* Sources */,
				433FDBD92EB992B10008DA09 /* Frameworks */,
				433FDBDA2EB992B10008DA09 /* Resources */,
			);
			buildRules = (
			);
			dependencies = (
				433FDBDE2EB992B10008DA09 /* PBXTargetDependency */,
			);
			fileSystemSynchronizedGroups = (
				433FDBDF2EB992B10008DA09 /* FLOTests */,
			);
			name = FLOTests;
			packageProductDependencies = (
			);
			productName = FlowLedgerTests;
			productReference = 433FDBDC2EB992B10008DA09 /* FLOTests.xctest */;
			productType = "com.apple.product-type.bundle.unit-test";
		};
		433FDBE52EB992B10008DA09 /* FLOUITests */ = {
			isa = PBXNativeTarget;
			buildConfigurationList = 433FDBF62EB992B10008DA09 /* Build configuration list for PBXNativeTarget "FLOUITests" */;
			buildPhases = (
				433FDBE22EB992B10008DA09 /* Sources */,
				433FDBE32EB992B10008DA09 /* Frameworks */,
				433FDBE42EB992B10008DA09 /* Resources */,
			);
			buildRules = (
			);
			dependencies = (
				433FDBE82EB992B10008DA09 /* PBXTargetDependency */,
			);
			fileSystemSynchronizedGroups = (
				433FDBE92EB992B10008DA09 /* FLOUITests */,
			);
			name = FLOUITests;
			packageProductDependencies = (
			);
			productName = FlowLedgerUITests;
			productReference = 433FDBE62EB992B10008DA09 /* FLOUITests.xctest */;
			productType = "com.apple.product-type.bundle.ui-testing";
		};
		436A0A9E2EC02F920011973D /* FLOWidgetExtension */ = {
			isa = PBXNativeTarget;
			buildConfigurationList = 436A0AB42EC02F930011973D /* Build configuration list for PBXNativeTarget "FLOWidgetExtension" */;
			buildPhases = (
				436A0A9B2EC02F920011973D /* Sources */,
				436A0A9C2EC02F920011973D /* Frameworks */,
				436A0A9D2EC02F920011973D /* Resources */,
			);
			buildRules = (
			);
			dependencies = (
			);
			name = FLOWidgetExtension;
			packageProductDependencies = (
			);
			productName = FlowLedgerWidgetExtension;
			productReference = 436A0A9F2EC02F920011973D /* FLOWidgetExtension.appex */;
			productType = "com.apple.product-type.app-extension";
		};
/* End PBXNativeTarget section */

/* Begin PBXProject section */
		433FDBC52EB992B00008DA09 /* Project object */ = {
			isa = PBXProject;
			attributes = {
				BuildIndependentTargetsInParallel = 1;
				LastSwiftUpdateCheck = 1640;
				LastUpgradeCheck = 2620;
				TargetAttributes = {
					433FDBCC2EB992B00008DA09 = {
						CreatedOnToolsVersion = 16.4;
					};
					433FDBDB2EB992B10008DA09 = {
						CreatedOnToolsVersion = 16.4;
						TestTargetID = 433FDBCC2EB992B00008DA09;
					};
					433FDBE52EB992B10008DA09 = {
						CreatedOnToolsVersion = 16.4;
						TestTargetID = 433FDBCC2EB992B00008DA09;
					};
					436A0A9E2EC02F920011973D = {
						CreatedOnToolsVersion = 16.4;
					};
				};
			};
			buildConfigurationList = 433FDBC82EB992B00008DA09 /* Build configuration list for PBXProject "FLO" */;
			developmentRegion = en;
			hasScannedForEncodings = 0;
			knownRegions = (
				en,
				Base,
			);
			mainGroup = 433FDBC42EB992B00008DA09;
			minimizedProjectReferenceProxies = 1;
			packageReferences = (
			);
			preferredProjectObjectVersion = 77;
			productRefGroup = 433FDBCE2EB992B00008DA09 /* Products */;
			projectDirPath = "";
			projectReferences = (
				{
					ProductGroup = 438125132EF63AA0002EA8A5 /* Products */;
					ProjectRef = 4381250B2EF63AA0002EA8A5 /* FLO.xcodeproj */;
				},
				{
					ProductGroup = 43712E102EFE360A00873FEF /* Products */;
					ProjectRef = 43712E082EFE360A00873FEF /* FLO.xcodeproj */;
				},
				{
					ProductGroup = 43FAC7842F1080D4006A54B9 /* Products */;
					ProjectRef = 43FAC77C2F1080D4006A54B9 /* FLO.xcodeproj */;
				},
				{
					ProductGroup = 438124402EF63A19002EA8A5 /* Products */;
					ProjectRef = 438124382EF63A19002EA8A5 /* FLO.xcodeproj */;
				},
				{
					ProductGroup = 43FACB022F186F5A006A54B9 /* Products */;
					ProjectRef = 43FACAFF2F186F5A006A54B9 /* FLO.xcodeproj */;
				},
				{
					ProductGroup = 4320DA522F063B8C00A758F4 /* Products */;
					ProjectRef = 4320DA4A2F063B8C00A758F4 /* FLO.xcodeproj */;
				},
				{
					ProductGroup = 43E3C9602EF6297400CC479E /* Products */;
					ProjectRef = 43E3C9582EF6297400CC479E /* FLO.xcodeproj */;
				},
				{
					ProductGroup = 43EBF5292EF64C2600B5C1DE /* Products */;
					ProjectRef = 43EBF5212EF64C2600B5C1DE /* FLO.xcodeproj */;
				},
				{
					ProductGroup = 438126D02EF63F46002EA8A5 /* Products */;
					ProjectRef = 438126C82EF63F46002EA8A5 /* FLO.xcodeproj */;
				},
				{
					ProductGroup = 43EBF3622EF642B600B5C1DE /* Products */;
					ProjectRef = 43EBF35A2EF642B600B5C1DE /* FLO.xcodeproj */;
				},
				{
					ProductGroup = 438416E62EF9F5AE0065AC69 /* Products */;
					ProjectRef = 438416DE2EF9F5AE0065AC69 /* FLO.xcodeproj */;
				},
				{
					ProductGroup = 43C71ADD2EF641D7005A8198 /* Products */;
					ProjectRef = 43C71AD52EF641D7005A8198 /* FLO.xcodeproj */;
				},
				{
					ProductGroup = 43D3D1202EF9E59D00B48C19 /* Products */;
					ProjectRef = 43D3D1192EF9E59D00B48C19 /* FLO.xcodeproj */;
				},
				{
					ProductGroup = 43E3CA262EF62AF800CC479E /* Products */;
					ProjectRef = 43E3CA1F2EF62AF800CC479E /* FLO.xcodeproj */;
				},
				{
					ProductGroup = 4320D92F2F0187EC00A758F4 /* Products */;
					ProjectRef = 4320D9272F0187EC00A758F4 /* FLO.xcodeproj */;
				},
				{
					ProductGroup = 43FACC292F187ADF006A54B9 /* Products */;
					ProjectRef = 43FACC262F187ADF006A54B9 /* FLO.xcodeproj */;
				},
				{
					ProductGroup = 43B739732EF6521400B32076 /* Products */;
					ProjectRef = 43B7396B2EF6521400B32076 /* FLO.xcodeproj */;
				},
				{
					ProductGroup = 43EBF4412EF6435800B5C1DE /* Products */;
					ProjectRef = 43EBF4392EF6435800B5C1DE /* FLO.xcodeproj */;
				},
				{
					ProductGroup = 43FAC9DB2F145FCE006A54B9 /* Products */;
					ProjectRef = 43FAC9D32F145FCE006A54B9 /* FLO.xcodeproj */;
				},
				{
					ProductGroup = 435AF72B2EF6386100B42ECE /* Products */;
					ProjectRef = 435AF7232EF6386100B42ECE /* FLO.xcodeproj */;
				},
				{
					ProductGroup = 438125E72EF63DB9002EA8A5 /* Products */;
					ProjectRef = 438125DF2EF63DB9002EA8A5 /* FLO.xcodeproj */;
				},
				{
					ProductGroup = 43FAC8AD2F1298AF006A54B9 /* Products */;
					ProjectRef = 43FAC8A52F1298AF006A54B9 /* FLO.xcodeproj */;
				},
			);
			projectRoot = "";
			targets = (
				433FDBCC2EB992B00008DA09 /* FLO */,
				433FDBDB2EB992B10008DA09 /* FLOTests */,
				433FDBE52EB992B10008DA09 /* FLOUITests */,
				436A0A9E2EC02F920011973D /* FLOWidgetExtension */,
			);
		};
/* End PBXProject section */

/* Begin PBXResourcesBuildPhase section */
		433FDBCB2EB992B00008DA09 /* Resources */ = {
			isa = PBXResourcesBuildPhase;
			buildActionMask = 2147483647;
			files = (
			);
			runOnlyForDeploymentPostprocessing = 0;
		};
		433FDBDA2EB992B10008DA09 /* Resources */ = {
			isa = PBXResourcesBuildPhase;
			buildActionMask = 2147483647;
			files = (
			);
			runOnlyForDeploymentPostprocessing = 0;
		};
		433FDBE42EB992B10008DA09 /* Resources */ = {
			isa = PBXResourcesBuildPhase;
			buildActionMask = 2147483647;
			files = (
			);
			runOnlyForDeploymentPostprocessing = 0;
		};
		436A0A9D2EC02F920011973D /* Resources */ = {
			isa = PBXResourcesBuildPhase;
			buildActionMask = 2147483647;
			files = (
			);
			runOnlyForDeploymentPostprocessing = 0;
		};
/* End PBXResourcesBuildPhase section */

/* Begin PBXSourcesBuildPhase section */
		433FDBC92EB992B00008DA09 /* Sources */ = {
			isa = PBXSourcesBuildPhase;
			buildActionMask = 2147483647;
			files = (
			);
			runOnlyForDeploymentPostprocessing = 0;
		};
		433FDBD82EB992B10008DA09 /* Sources */ = {
			isa = PBXSourcesBuildPhase;
			buildActionMask = 2147483647;
			files = (
			);
			runOnlyForDeploymentPostprocessing = 0;
		};
		433FDBE22EB992B10008DA09 /* Sources */ = {
			isa = PBXSourcesBuildPhase;
			buildActionMask = 2147483647;
			files = (
			);
			runOnlyForDeploymentPostprocessing = 0;
		};
		436A0A9B2EC02F920011973D /* Sources */ = {
			isa = PBXSourcesBuildPhase;
			buildActionMask = 2147483647;
			files = (
			);
			runOnlyForDeploymentPostprocessing = 0;
		};
/* End PBXSourcesBuildPhase section */

/* Begin PBXTargetDependency section */
		433FDBDE2EB992B10008DA09 /* PBXTargetDependency */ = {
			isa = PBXTargetDependency;
			target = 433FDBCC2EB992B00008DA09 /* FLO */;
			targetProxy = 433FDBDD2EB992B10008DA09 /* PBXContainerItemProxy */;
		};
		433FDBE82EB992B10008DA09 /* PBXTargetDependency */ = {
			isa = PBXTargetDependency;
			target = 433FDBCC2EB992B00008DA09 /* FLO */;
			targetProxy = 433FDBE72EB992B10008DA09 /* PBXContainerItemProxy */;
		};
		436A0AB22EC02F930011973D /* PBXTargetDependency */ = {
			isa = PBXTargetDependency;
			target = 436A0A9E2EC02F920011973D /* FLOWidgetExtension */;
			targetProxy = 436A0AB12EC02F930011973D /* PBXContainerItemProxy */;
		};
/* End PBXTargetDependency section */

/* Begin XCBuildConfiguration section */
		433FDBEE2EB992B10008DA09 /* Debug */ = {
			isa = XCBuildConfiguration;
			buildSettings = {
				ALWAYS_SEARCH_USER_PATHS = NO;
				ASSETCATALOG_COMPILER_GENERATE_SWIFT_ASSET_SYMBOL_EXTENSIONS = YES;
				CLANG_ANALYZER_NONNULL = YES;
				CLANG_ANALYZER_NUMBER_OBJECT_CONVERSION = YES_AGGRESSIVE;
				CLANG_CXX_LANGUAGE_STANDARD = "gnu++20";
				CLANG_ENABLE_MODULES = YES;
				CLANG_ENABLE_OBJC_ARC = YES;
				CLANG_ENABLE_OBJC_WEAK = YES;
				CLANG_WARN_BLOCK_CAPTURE_AUTORELEASING = YES;
				CLANG_WARN_BOOL_CONVERSION = YES;
				CLANG_WARN_COMMA = YES;
				CLANG_WARN_CONSTANT_CONVERSION = YES;
				CLANG_WARN_DEPRECATED_OBJC_IMPLEMENTATIONS = YES;
				CLANG_WARN_DIRECT_OBJC_ISA_USAGE = YES_ERROR;
				CLANG_WARN_DOCUMENTATION_COMMENTS = YES;
				CLANG_WARN_EMPTY_BODY = YES;
				CLANG_WARN_ENUM_CONVERSION = YES;
				CLANG_WARN_INFINITE_RECURSION = YES;
				CLANG_WARN_INT_CONVERSION = YES;
				CLANG_WARN_NON_LITERAL_NULL_CONVERSION = YES;
				CLANG_WARN_OBJC_IMPLICIT_RETAIN_SELF = YES;
				CLANG_WARN_OBJC_LITERAL_CONVERSION = YES;
				CLANG_WARN_OBJC_ROOT_CLASS = YES_ERROR;
				CLANG_WARN_QUOTED_INCLUDE_IN_FRAMEWORK_HEADER = YES;
				CLANG_WARN_RANGE_LOOP_ANALYSIS = YES;
				CLANG_WARN_STRICT_PROTOTYPES = YES;
				CLANG_WARN_SUSPICIOUS_MOVE = YES;
				CLANG_WARN_UNGUARDED_AVAILABILITY = YES_AGGRESSIVE;
				CLANG_WARN_UNREACHABLE_CODE = YES;
				CLANG_WARN__DUPLICATE_METHOD_MATCH = YES;
				COPY_PHASE_STRIP = NO;
				DEBUG_INFORMATION_FORMAT = dwarf;
				DEVELOPMENT_TEAM = D9HZRHZ736;
				ENABLE_STRICT_OBJC_MSGSEND = YES;
				ENABLE_TESTABILITY = YES;
				ENABLE_USER_SCRIPT_SANDBOXING = YES;
				GCC_C_LANGUAGE_STANDARD = gnu17;
				GCC_DYNAMIC_NO_PIC = NO;
				GCC_NO_COMMON_BLOCKS = YES;
				GCC_OPTIMIZATION_LEVEL = 0;
				GCC_PREPROCESSOR_DEFINITIONS = (
					"DEBUG=1",
					"$(inherited)",
				);
				GCC_WARN_64_TO_32_BIT_CONVERSION = YES;
				GCC_WARN_ABOUT_RETURN_TYPE = YES_ERROR;
				GCC_WARN_UNDECLARED_SELECTOR = YES;
				GCC_WARN_UNINITIALIZED_AUTOS = YES_AGGRESSIVE;
				GCC_WARN_UNUSED_FUNCTION = YES;
				GCC_WARN_UNUSED_VARIABLE = YES;
				IPHONEOS_DEPLOYMENT_TARGET = 18.5;
				LOCALIZATION_PREFERS_STRING_CATALOGS = YES;
				MTL_ENABLE_DEBUG_INFO = INCLUDE_SOURCE;
				MTL_FAST_MATH = YES;
				ONLY_ACTIVE_ARCH = YES;
				SDKROOT = iphoneos;
				STRING_CATALOG_GENERATE_SYMBOLS = YES;
				SWIFT_ACTIVE_COMPILATION_CONDITIONS = "DEBUG $(inherited)";
				SWIFT_OPTIMIZATION_LEVEL = "-Onone";
			};
			name = Debug;
		};
		433FDBEF2EB992B10008DA09 /* Release */ = {
			isa = XCBuildConfiguration;
			buildSettings = {
				ALWAYS_SEARCH_USER_PATHS = NO;
				ASSETCATALOG_COMPILER_GENERATE_SWIFT_ASSET_SYMBOL_EXTENSIONS = YES;
				CLANG_ANALYZER_NONNULL = YES;
				CLANG_ANALYZER_NUMBER_OBJECT_CONVERSION = YES_AGGRESSIVE;
				CLANG_CXX_LANGUAGE_STANDARD = "gnu++20";
				CLANG_ENABLE_MODULES = YES;
				CLANG_ENABLE_OBJC_ARC = YES;
				CLANG_ENABLE_OBJC_WEAK = YES;
				CLANG_WARN_BLOCK_CAPTURE_AUTORELEASING = YES;
				CLANG_WARN_BOOL_CONVERSION = YES;
				CLANG_WARN_COMMA = YES;
				CLANG_WARN_CONSTANT_CONVERSION = YES;
				CLANG_WARN_DEPRECATED_OBJC_IMPLEMENTATIONS = YES;
				CLANG_WARN_DIRECT_OBJC_ISA_USAGE = YES_ERROR;
				CLANG_WARN_DOCUMENTATION_COMMENTS = YES;
				CLANG_WARN_EMPTY_BODY = YES;
				CLANG_WARN_ENUM_CONVERSION = YES;
				CLANG_WARN_INFINITE_RECURSION = YES;
				CLANG_WARN_INT_CONVERSION = YES;
				CLANG_WARN_NON_LITERAL_NULL_CONVERSION = YES;
				CLANG_WARN_OBJC_IMPLICIT_RETAIN_SELF = YES;
				CLANG_WARN_OBJC_LITERAL_CONVERSION = YES;
				CLANG_WARN_OBJC_ROOT_CLASS = YES_ERROR;
				CLANG_WARN_QUOTED_INCLUDE_IN_FRAMEWORK_HEADER = YES;
				CLANG_WARN_RANGE_LOOP_ANALYSIS = YES;
				CLANG_WARN_STRICT_PROTOTYPES = YES;
				CLANG_WARN_SUSPICIOUS_MOVE = YES;
				CLANG_WARN_UNGUARDED_AVAILABILITY = YES_AGGRESSIVE;
				CLANG_WARN_UNREACHABLE_CODE = YES;
				CLANG_WARN__DUPLICATE_METHOD_MATCH = YES;
				COPY_PHASE_STRIP = NO;
				DEBUG_INFORMATION_FORMAT = "dwarf-with-dsym";
				DEVELOPMENT_TEAM = D9HZRHZ736;
				ENABLE_NS_ASSERTIONS = NO;
				ENABLE_STRICT_OBJC_MSGSEND = YES;
				ENABLE_USER_SCRIPT_SANDBOXING = YES;
				GCC_C_LANGUAGE_STANDARD = gnu17;
				GCC_NO_COMMON_BLOCKS = YES;
				GCC_WARN_64_TO_32_BIT_CONVERSION = YES;
				GCC_WARN_ABOUT_RETURN_TYPE = YES_ERROR;
				GCC_WARN_UNDECLARED_SELECTOR = YES;
				GCC_WARN_UNINITIALIZED_AUTOS = YES_AGGRESSIVE;
				GCC_WARN_UNUSED_FUNCTION = YES;
				GCC_WARN_UNUSED_VARIABLE = YES;
				IPHONEOS_DEPLOYMENT_TARGET = 18.5;
				LOCALIZATION_PREFERS_STRING_CATALOGS = YES;
				MTL_ENABLE_DEBUG_INFO = NO;
				MTL_FAST_MATH = YES;
				SDKROOT = iphoneos;
				STRING_CATALOG_GENERATE_SYMBOLS = YES;
				SWIFT_COMPILATION_MODE = wholemodule;
				VALIDATE_PRODUCT = YES;
			};
			name = Release;
		};
		433FDBF12EB992B10008DA09 /* Debug */ = {
			isa = XCBuildConfiguration;
			buildSettings = {
				ASSETCATALOG_COMPILER_APPICON_NAME = AppIcon;
				ASSETCATALOG_COMPILER_GLOBAL_ACCENT_COLOR_NAME = AccentColor;
				CODE_SIGN_ENTITLEMENTS = FLO.entitlements;
				CODE_SIGN_STYLE = Automatic;
				CURRENT_PROJECT_VERSION = 2;
				DEVELOPMENT_TEAM = D9HZRHZ736;
				ENABLE_PREVIEWS = YES;
				GENERATE_INFOPLIST_FILE = NO;
				INFOPLIST_FILE = Info.plist;
				INFOPLIST_KEY_CFBundleDisplayName = FLO;
				INFOPLIST_KEY_NSCameraUsageDescription = "FLO needs camera access to scan receipts and invoices so you can automatically extract amounts, merchants, and dates.";
				INFOPLIST_KEY_NSFaceIDUsageDescription = "FLO uses Face ID or Touch ID to securely protect your financial data and keep your information private.";
				INFOPLIST_KEY_NSLocationAlwaysAndWhenInUseUsageDescription = "FLO uses your location in the background to automatically detect and log business mileage trips for accurate tax deductions.";
				INFOPLIST_KEY_NSLocationAlwaysUsageDescription = "FLO uses your location even when the app is closed or in the background to accurately record business trips for tax purposes.";
				INFOPLIST_KEY_NSLocationWhenInUseUsageDescription = "FLO uses your location to track mileage when the app is open.";
				INFOPLIST_KEY_NSPhotoLibraryUsageDescription = "FLO needs access to your photo library so you can select existing receipt or invoice images to import into the app.";
				INFOPLIST_KEY_UIApplicationSupportsIndirectInputEvents = YES;
				INFOPLIST_KEY_UILaunchScreen_Generation = YES;
				INFOPLIST_KEY_UILaunchStoryboardName = LaunchScreen;
				INFOPLIST_KEY_UIRequiredDeviceCapabilities = arm64;
				INFOPLIST_KEY_UISupportedInterfaceOrientations = UIInterfaceOrientationPortrait;
				INFOPLIST_KEY_UISupportedInterfaceOrientations_iPad = "UIInterfaceOrientationPortrait UIInterfaceOrientationPortraitUpsideDown UIInterfaceOrientationLandscapeLeft UIInterfaceOrientationLandscapeRight";
				INFOPLIST_KEY_UISupportedInterfaceOrientations_iPhone = "UIInterfaceOrientationPortrait UIInterfaceOrientationLandscapeLeft UIInterfaceOrientationLandscapeRight";
				IPHONEOS_DEPLOYMENT_TARGET = 18.5;
				LD_RUNPATH_SEARCH_PATHS = (
					"$(inherited)",
					"@executable_path/Frameworks",
				);
				MARKETING_VERSION = 1.1;
				PRODUCT_BUNDLE_IDENTIFIER = com.finchandpoppy.flo;
				PRODUCT_NAME = "$(TARGET_NAME)";
				SWIFT_EMIT_LOC_STRINGS = YES;
				SWIFT_VERSION = 5.0;
				TARGETED_DEVICE_FAMILY = "1,2";
			};
			name = Debug;
		};
		433FDBF22EB992B10008DA09 /* Release */ = {
			isa = XCBuildConfiguration;
			buildSettings = {
				ASSETCATALOG_COMPILER_APPICON_NAME = AppIcon;
				ASSETCATALOG_COMPILER_GLOBAL_ACCENT_COLOR_NAME = AccentColor;
				CODE_SIGN_ENTITLEMENTS = FLO.entitlements;
				CODE_SIGN_STYLE = Automatic;
				CURRENT_PROJECT_VERSION = 2;
				DEVELOPMENT_TEAM = D9HZRHZ736;
				ENABLE_PREVIEWS = YES;
				GENERATE_INFOPLIST_FILE = NO;
				INFOPLIST_FILE = Info.plist;
				INFOPLIST_KEY_CFBundleDisplayName = FLO;
				INFOPLIST_KEY_NSCameraUsageDescription = "FLO needs camera access to scan receipts and invoices so you can automatically extract amounts, merchants, and dates.";
				INFOPLIST_KEY_NSFaceIDUsageDescription = "FLO uses Face ID or Touch ID to securely protect your financial data and keep your information private.";
				INFOPLIST_KEY_NSLocationAlwaysAndWhenInUseUsageDescription = "FLO uses your location in the background to automatically detect and log business mileage trips for accurate tax deductions.";
				INFOPLIST_KEY_NSLocationAlwaysUsageDescription = "FLO uses your location even when the app is closed or in the background to accurately record business trips for tax purposes.";
				INFOPLIST_KEY_NSLocationWhenInUseUsageDescription = "FLO uses your location to track mileage when the app is open.";
				INFOPLIST_KEY_NSPhotoLibraryUsageDescription = "FLO needs access to your photo library so you can select existing receipt or invoice images to import into the app.";
				INFOPLIST_KEY_UIApplicationSupportsIndirectInputEvents = YES;
				INFOPLIST_KEY_UILaunchScreen_Generation = YES;
				INFOPLIST_KEY_UILaunchStoryboardName = LaunchScreen;
				INFOPLIST_KEY_UIRequiredDeviceCapabilities = arm64;
				INFOPLIST_KEY_UISupportedInterfaceOrientations = UIInterfaceOrientationPortrait;
				INFOPLIST_KEY_UISupportedInterfaceOrientations_iPad = "UIInterfaceOrientationPortrait UIInterfaceOrientationPortraitUpsideDown UIInterfaceOrientationLandscapeLeft UIInterfaceOrientationLandscapeRight";
				INFOPLIST_KEY_UISupportedInterfaceOrientations_iPhone = "UIInterfaceOrientationPortrait UIInterfaceOrientationLandscapeLeft UIInterfaceOrientationLandscapeRight";
				IPHONEOS_DEPLOYMENT_TARGET = 18.5;
				LD_RUNPATH_SEARCH_PATHS = (
					"$(inherited)",
					"@executable_path/Frameworks",
				);
				MARKETING_VERSION = 1.1;
				PRODUCT_BUNDLE_IDENTIFIER = com.finchandpoppy.flo;
				PRODUCT_NAME = "$(TARGET_NAME)";
				SWIFT_EMIT_LOC_STRINGS = YES;
				SWIFT_VERSION = 5.0;
				TARGETED_DEVICE_FAMILY = "1,2";
			};
			name = Release;
		};
		433FDBF42EB992B10008DA09 /* Debug */ = {
			isa = XCBuildConfiguration;
			buildSettings = {
				BUNDLE_LOADER = "$(TEST_HOST)";
				CODE_SIGN_STYLE = Automatic;
				CURRENT_PROJECT_VERSION = 1;
				DEVELOPMENT_TEAM = D9HZRHZ736;
				GENERATE_INFOPLIST_FILE = YES;
				IPHONEOS_DEPLOYMENT_TARGET = 18.5;
				MARKETING_VERSION = 1.0;
				PRODUCT_BUNDLE_IDENTIFIER = com.finchpoppy.floTests;
				PRODUCT_NAME = "$(TARGET_NAME)";
				SWIFT_EMIT_LOC_STRINGS = NO;
				SWIFT_VERSION = 5.0;
				TARGETED_DEVICE_FAMILY = "1,2";
				TEST_HOST = "$(BUILT_PRODUCTS_DIR)/FLO.app/$(BUNDLE_EXECUTABLE_FOLDER_PATH)/FLO";
			};
			name = Debug;
		};
		433FDBF52EB992B10008DA09 /* Release */ = {
			isa = XCBuildConfiguration;
			buildSettings = {
				BUNDLE_LOADER = "$(TEST_HOST)";
				CODE_SIGN_STYLE = Automatic;
				CURRENT_PROJECT_VERSION = 1;
				DEVELOPMENT_TEAM = D9HZRHZ736;
				GENERATE_INFOPLIST_FILE = YES;
				IPHONEOS_DEPLOYMENT_TARGET = 18.5;
				MARKETING_VERSION = 1.0;
				PRODUCT_BUNDLE_IDENTIFIER = com.finchpoppy.floTests;
				PRODUCT_NAME = "$(TARGET_NAME)";
				SWIFT_EMIT_LOC_STRINGS = NO;
				SWIFT_VERSION = 5.0;
				TARGETED_DEVICE_FAMILY = "1,2";
				TEST_HOST = "$(BUILT_PRODUCTS_DIR)/FLO.app/$(BUNDLE_EXECUTABLE_FOLDER_PATH)/FLO";
			};
			name = Release;
		};
		433FDBF72EB992B10008DA09 /* Debug */ = {
			isa = XCBuildConfiguration;
			buildSettings = {
				CODE_SIGN_STYLE = Automatic;
				CURRENT_PROJECT_VERSION = 1;
				DEVELOPMENT_TEAM = D9HZRHZ736;
				GENERATE_INFOPLIST_FILE = YES;
				MARKETING_VERSION = 1.0;
				PRODUCT_BUNDLE_IDENTIFIER = com.finchpoppy.floUITests;
				PRODUCT_NAME = "$(TARGET_NAME)";
				SWIFT_EMIT_LOC_STRINGS = NO;
				SWIFT_VERSION = 5.0;
				TARGETED_DEVICE_FAMILY = "1,2";
				TEST_TARGET_NAME = FlowLedger;
			};
			name = Debug;
		};
		433FDBF82EB992B10008DA09 /* Release */ = {
			isa = XCBuildConfiguration;
			buildSettings = {
				CODE_SIGN_STYLE = Automatic;
				CURRENT_PROJECT_VERSION = 1;
				DEVELOPMENT_TEAM = D9HZRHZ736;
				GENERATE_INFOPLIST_FILE = YES;
				MARKETING_VERSION = 1.0;
				PRODUCT_BUNDLE_IDENTIFIER = com.finchpoppy.floUITests;
				PRODUCT_NAME = "$(TARGET_NAME)";
				SWIFT_EMIT_LOC_STRINGS = NO;
				SWIFT_VERSION = 5.0;
				TARGETED_DEVICE_FAMILY = "1,2";
				TEST_TARGET_NAME = FlowLedger;
			};
			name = Release;
		};
		436A0AB52EC02F930011973D /* Debug */ = {
			isa = XCBuildConfiguration;
			buildSettings = {
				ASSETCATALOG_COMPILER_GLOBAL_ACCENT_COLOR_NAME = AccentColor;
				ASSETCATALOG_COMPILER_WIDGET_BACKGROUND_COLOR_NAME = WidgetBackground;
				CODE_SIGN_ENTITLEMENTS = FLOWidgetExtension.entitlements;
				CODE_SIGN_STYLE = Automatic;
				CURRENT_PROJECT_VERSION = 2;
				DEVELOPMENT_TEAM = D9HZRHZ736;
				GENERATE_INFOPLIST_FILE = NO;
				INFOPLIST_FILE = FLOWidget/Info.plist;
				INFOPLIST_KEY_CFBundleDisplayName = FLOWidget;
				INFOPLIST_KEY_NSHumanReadableCopyright = "";
				LD_RUNPATH_SEARCH_PATHS = (
					"$(inherited)",
					"@executable_path/Frameworks",
					"@executable_path/../../Frameworks",
				);
				MARKETING_VERSION = 1.1;
				PRODUCT_BUNDLE_IDENTIFIER = com.finchandpoppy.flo.widget;
				PRODUCT_NAME = "$(TARGET_NAME)";
				SKIP_INSTALL = YES;
				SWIFT_EMIT_LOC_STRINGS = YES;
				SWIFT_VERSION = 5.0;
				TARGETED_DEVICE_FAMILY = "1,2";
			};
			name = Debug;
		};
		436A0AB62EC02F930011973D /* Release */ = {
			isa = XCBuildConfiguration;
			buildSettings = {
				ASSETCATALOG_COMPILER_GLOBAL_ACCENT_COLOR_NAME = AccentColor;
				ASSETCATALOG_COMPILER_WIDGET_BACKGROUND_COLOR_NAME = WidgetBackground;
				CODE_SIGN_ENTITLEMENTS = FLOWidgetExtension.entitlements;
				CODE_SIGN_STYLE = Automatic;
				CURRENT_PROJECT_VERSION = 2;
				DEVELOPMENT_TEAM = D9HZRHZ736;
				GENERATE_INFOPLIST_FILE = NO;
				INFOPLIST_FILE = FLOWidget/Info.plist;
				INFOPLIST_KEY_CFBundleDisplayName = FLOWidget;
				INFOPLIST_KEY_NSHumanReadableCopyright = "";
				LD_RUNPATH_SEARCH_PATHS = (
					"$(inherited)",
					"@executable_path/Frameworks",
					"@executable_path/../../Frameworks",
				);
				MARKETING_VERSION = 1.1;
				PRODUCT_BUNDLE_IDENTIFIER = com.finchandpoppy.flo.widget;
				PRODUCT_NAME = "$(TARGET_NAME)";
				SKIP_INSTALL = YES;
				SWIFT_EMIT_LOC_STRINGS = YES;
				SWIFT_VERSION = 5.0;
				TARGETED_DEVICE_FAMILY = "1,2";
			};
			name = Release;
		};
/* End XCBuildConfiguration section */

/* Begin XCConfigurationList section */
		433FDBC82EB992B00008DA09 /* Build configuration list for PBXProject "FLO" */ = {
			isa = XCConfigurationList;
			buildConfigurations = (
				433FDBEE2EB992B10008DA09 /* Debug */,
				433FDBEF2EB992B10008DA09 /* Release */,
			);
			defaultConfigurationIsVisible = 0;
			defaultConfigurationName = Release;
		};
		433FDBF02EB992B10008DA09 /* Build configuration list for PBXNativeTarget "FLO" */ = {
			isa = XCConfigurationList;
			buildConfigurations = (
				433FDBF12EB992B10008DA09 /* Debug */,
				433FDBF22EB992B10008DA09 /* Release */,
			);
			defaultConfigurationIsVisible = 0;
			defaultConfigurationName = Release;
		};
		433FDBF32EB992B10008DA09 /* Build configuration list for PBXNativeTarget "FLOTests" */ = {
			isa = XCConfigurationList;
			buildConfigurations = (
				433FDBF42EB992B10008DA09 /* Debug */,
				433FDBF52EB992B10008DA09 /* Release */,
			);
			defaultConfigurationIsVisible = 0;
			defaultConfigurationName = Release;
		};
		433FDBF62EB992B10008DA09 /* Build configuration list for PBXNativeTarget "FLOUITests" */ = {
			isa = XCConfigurationList;
			buildConfigurations = (
				433FDBF72EB992B10008DA09 /* Debug */,
				433FDBF82EB992B10008DA09 /* Release */,
			);
			defaultConfigurationIsVisible = 0;
			defaultConfigurationName = Release;
		};
		436A0AB42EC02F930011973D /* Build configuration list for PBXNativeTarget "FLOWidgetExtension" */ = {
			isa = XCConfigurationList;
			buildConfigurations = (
				436A0AB52EC02F930011973D /* Debug */,
				436A0AB62EC02F930011973D /* Release */,
			);
			defaultConfigurationIsVisible = 0;
			defaultConfigurationName = Release;
		};
/* End XCConfigurationList section */
	};
	rootObject = 433FDBC52EB992B00008DA09 /* Project object */;
}
